{
  "version": 4,
  "terraform_version": "1.15.6",
  "serial": 5,
  "lineage": "1b2d7e8d-0e43-952d-c70b-2f3631efe207",
  "outputs": {
    "processed_users": {
      "value": [
        "alice",
        "bob",
        "charlie.brown",
        "dave"
      ],
      "type": [
        "tuple",
        [
          "string",
          "string",
          "string",
          "string"
        ]
      ]
    }
  },
  "resources": [
    {
      "mode": "managed",
      "type": "aws_iam_user",
      "name": "new_users",
      "provider": "provider[\"registry.terraform.io/hashicorp/aws\"]",
      "instances": [
        {
          "index_key": "alice",
          "schema_version": 0,
          "attributes": {
            "arn": "arn:aws:iam::767398045404:user/alice",
            "force_destroy": false,
            "id": "alice",
            "name": "alice",
            "path": "/",
            "permissions_boundary": "",
            "tags": null,
            "tags_all": {},
            "unique_id": "AIDA3FLD443OLVVTED3NJ"
          },
          "sensitive_attributes": [],
          "identity_schema_version": 0,
          "identity": {
            "account_id": "767398045404",
            "name": "alice"
          },
          "private": "bnVsbA=="
        },
        {
          "index_key": "bob",
          "schema_version": 0,
          "attributes": {
            "arn": "arn:aws:iam::767398045404:user/bob",
            "force_destroy": false,
            "id": "bob",
            "name": "bob",
            "path": "/",
            "permissions_boundary": "",
            "tags": null,
            "tags_all": {},
            "unique_id": "AIDA3FLD443OEIKLMM2A2"
          },
          "sensitive_attributes": [],
          "identity_schema_version": 0,
          "identity": {
            "account_id": "767398045404",
            "name": "bob"
          },
          "private": "bnVsbA=="
        },
        {
          "index_key": "charlie.brown",
          "schema_version": 0,
          "attributes": {
            "arn": "arn:aws:iam::767398045404:user/charlie.brown",
            "force_destroy": false,
            "id": "charlie.brown",
            "name": "charlie.brown",
            "path": "/",
            "permissions_boundary": "",
            "tags": null,
            "tags_all": {},
            "unique_id": "AIDA3FLD443OPDP64XYM6"
          },
          "sensitive_attributes": [],
          "identity_schema_version": 0,
          "identity": {
            "account_id": "767398045404",
            "name": "charlie.brown"
          },
          "private": "bnVsbA=="
        },
        {
          "index_key": "dave",
          "schema_version": 0,
          "attributes": {
            "arn": "arn:aws:iam::767398045404:user/dave",
            "force_destroy": false,
            "id": "dave",
            "name": "dave",
            "path": "/",
            "permissions_boundary": "",
            "tags": null,
            "tags_all": {},
            "unique_id": "AIDA3FLD443OHR6GHUDRT"
          },
          "sensitive_attributes": [],
          "identity_schema_version": 0,
          "identity": {
            "account_id": "767398045404",
            "name": "dave"
          },
          "private": "bnVsbA=="
        }
      ]
    }
  ],
  "check_results": null
}
